{
  "pins" : [
    {
      "identity" : "archiverkit",
      "kind" : "remoteSourceControl",
      "location" : "https://github.com/LiLiKazine/ArchiverKit.git",
      "state" : {
        "branch" : "main",
        "revision" : "8454d9ca8f3b32a8c0b830ad73217ca97b31f68d"
      }
    },
    {
      "identity" : "imagekit",
      "kind" : "remoteSourceControl",
      "location" : "https://github.com/LiLiKazine/ImageKit.git",
      "state" : {
        "branch" : "main",
        "revision" : "51e3c10be0b51b1b9e637468412993c921a0d8ba"
      }
    }
  ],
  "version" : 2
}
