{
  "pins" : [
    {
      "identity" : "archiverkit",
      "kind" : "remoteSourceControl",
      "location" : "https://github.com/LiLiKazine/ArchiverKit.git",
      "state" : {
        "branch" : "main",
        "revision" : "8bbf986ca6c2f805e373c8a499554fee5d345774"
      }
    },
    {
      "identity" : "imagekit",
      "kind" : "remoteSourceControl",
      "location" : "https://github.com/LiLiKazine/ImageKit.git",
      "state" : {
        "branch" : "main",
        "revision" : "2bed92a319c024c2a8bae62baf5f3dfe690ea9e8"
      }
    }
  ],
  "version" : 2
}
